
Microsoft Visual Studio Solution File, Format Version 12.00
# Visual Studio Version 17
VisualStudioVersion = 17.8.34511.84
MinimumVisualStudioVersion = 10.0.40219.1
Project("{9A19103F-16F7-4668-BE54-9A1E7A4F7556}") = "University_Project", "University_Project\University_Project.csproj", "{54699E14-A129-4B56-B2F3-59DD9872ED57}"
EndProject
Global
	GlobalSection(SolutionConfigurationPlatforms) = preSolution
		Debug|Any CPU = Debug|Any CPU
		Release|Any CPU = Release|Any CPU
	EndGlobalSection
	GlobalSection(ProjectConfigurationPlatforms) = postSolution
		{54699E14-A129-4B56-B2F3-59DD9872ED57}.Debug|Any CPU.ActiveCfg = Debug|Any CPU
		{54699E14-A129-4B56-B2F3-59DD9872ED57}.Debug|Any CPU.Build.0 = Debug|Any CPU
		{54699E14-A129-4B56-B2F3-59DD9872ED57}.Release|Any CPU.ActiveCfg = Release|Any CPU
		{54699E14-A129-4B56-B2F3-59DD9872ED57}.Release|Any CPU.Build.0 = Release|Any CPU
	EndGlobalSection
	GlobalSection(SolutionProperties) = preSolution
		HideSolutionNode = FALSE
	EndGlobalSection
	GlobalSection(ExtensibilityGlobals) = postSolution
		SolutionGuid = {DECAC23C-750B-46EE-BA49-4056CDEE7A05}
	EndGlobalSection
EndGlobal
